
Microsoft Visual Studio Solution File, Format Version 12.00
# Visual Studio 14
VisualStudioVersion = 14.0.23107.0
MinimumVisualStudioVersion = 10.0.40219.1
Project("{8BC9CEB8-8B4A-11D0-8D11-00A0C91BC942}") = "decoder", "decoder\decoder.vcxproj", "{2A6E1DA6-EA9F-4EC9-A553-40CD650DD66E}"
EndProject
Project("{8BC9CEB8-8B4A-11D0-8D11-00A0C91BC942}") = "decoder2", "decoder2\decoder2.vcxproj", "{6CF1696D-17D5-4E96-B830-D0904FEA5B74}"
EndProject
Global
	GlobalSection(SolutionConfigurationPlatforms) = preSolution
		Debug|x64 = Debug|x64
		Debug|x86 = Debug|x86
		Release|x64 = Release|x64
		Release|x86 = Release|x86
	EndGlobalSection
	GlobalSection(ProjectConfigurationPlatforms) = postSolution
		{2A6E1DA6-EA9F-4EC9-A553-40CD650DD66E}.Debug|x64.ActiveCfg = Debug|x64
		{2A6E1DA6-EA9F-4EC9-A553-40CD650DD66E}.Debug|x64.Build.0 = Debug|x64
		{2A6E1DA6-EA9F-4EC9-A553-40CD650DD66E}.Debug|x86.ActiveCfg = Debug|Win32
		{2A6E1DA6-EA9F-4EC9-A553-40CD650DD66E}.Debug|x86.Build.0 = Debug|Win32
		{2A6E1DA6-EA9F-4EC9-A553-40CD650DD66E}.Release|x64.ActiveCfg = Release|x64
		{2A6E1DA6-EA9F-4EC9-A553-40CD650DD66E}.Release|x64.Build.0 = Release|x64
		{2A6E1DA6-EA9F-4EC9-A553-40CD650DD66E}.Release|x86.ActiveCfg = Release|Win32
		{2A6E1DA6-EA9F-4EC9-A553-40CD650DD66E}.Release|x86.Build.0 = Release|Win32
		{6CF1696D-17D5-4E96-B830-D0904FEA5B74}.Debug|x64.ActiveCfg = Debug|x64
		{6CF1696D-17D5-4E96-B830-D0904FEA5B74}.Debug|x64.Build.0 = Debug|x64
		{6CF1696D-17D5-4E96-B830-D0904FEA5B74}.Debug|x86.ActiveCfg = Debug|Win32
		{6CF1696D-17D5-4E96-B830-D0904FEA5B74}.Debug|x86.Build.0 = Debug|Win32
		{6CF1696D-17D5-4E96-B830-D0904FEA5B74}.Release|x64.ActiveCfg = Release|x64
		{6CF1696D-17D5-4E96-B830-D0904FEA5B74}.Release|x64.Build.0 = Release|x64
		{6CF1696D-17D5-4E96-B830-D0904FEA5B74}.Release|x86.ActiveCfg = Release|Win32
		{6CF1696D-17D5-4E96-B830-D0904FEA5B74}.Release|x86.Build.0 = Release|Win32
	EndGlobalSection
	GlobalSection(SolutionProperties) = preSolution
		HideSolutionNode = FALSE
	EndGlobalSection
EndGlobal
